# This file is automatically @generated by Cargo.
# It is not intended for manual editing.
version = 3

[[package]]
name = "cfg-if"
version = "1.0.0"
source = "registry+https://github.com/rust-lang/crates.io-index"
checksum = "baf1de4339761588bc0619e3cbc0120ee582ebb74b53b4efbf79117bd2da40fd"

[[package]]
name = "crossbeam-channel"
version = "0.5.6"
source = "registry+https://github.com/rust-lang/crates.io-index"
checksum = "c2dd04ddaf88237dc3b8d8f9a3c1004b506b54b3313403944054d23c0870c521"
dependencies = [
 "cfg-if",
 "crossbeam-utils",
]

[[package]]
name = "crossbeam-utils"
version = "0.8.14"
source = "registry+https://github.com/rust-lang/crates.io-index"
checksum = "4fb766fa798726286dbbb842f174001dab8abc7b627a1dd86e0b7222a95d929f"
dependencies = [
 "cfg-if",
]

[[package]]
name = "peek-poke"
version = "0.2.0"
source = "registry+https://github.com/rust-lang/crates.io-index"
checksum = "d93fd6a575ebf1ac2668d08443c97a22872cfb463fd8b7ddd141e9f6be59af2f"
dependencies = [
 "peek-poke-derive",
]

[[package]]
name = "peek-poke-derive"
version = "0.2.1"
source = "registry+https://github.com/rust-lang/crates.io-index"
checksum = "6fb44a25c5bba983be0fc8592dfaf3e6d0935ce8be0c6b15b2a39507af34a926"
dependencies = [
 "proc-macro2",
 "quote",
 "syn",
 "synstructure",
 "unicode-xid",
]

[[package]]
name = "peek-poke-example"
version = "0.1.0"
dependencies = [
 "crossbeam-channel",
 "peek-poke",
]

[[package]]
name = "proc-macro2"
version = "1.0.47"
source = "registry+https://github.com/rust-lang/crates.io-index"
checksum = "5ea3d908b0e36316caf9e9e2c4625cdde190a7e6f440d794667ed17a1855e725"
dependencies = [
 "unicode-ident",
]

[[package]]
name = "quote"
version = "1.0.21"
source = "registry+https://github.com/rust-lang/crates.io-index"
checksum = "bbe448f377a7d6961e30f5955f9b8d106c3f5e449d493ee1b125c1d43c2b5179"
dependencies = [
 "proc-macro2",
]

[[package]]
name = "syn"
version = "1.0.104"
source = "registry+https://github.com/rust-lang/crates.io-index"
checksum = "4ae548ec36cf198c0ef7710d3c230987c2d6d7bd98ad6edc0274462724c585ce"
dependencies = [
 "proc-macro2",
 "quote",
 "unicode-ident",
]

[[package]]
name = "synstructure"
version = "0.12.6"
source = "registry+https://github.com/rust-lang/crates.io-index"
checksum = "f36bdaa60a83aca3921b5259d5400cbf5e90fc51931376a9bd4a0eb79aa7210f"
dependencies = [
 "proc-macro2",
 "quote",
 "syn",
 "unicode-xid",
]

[[package]]
name = "unicode-ident"
version = "1.0.5"
source = "registry+https://github.com/rust-lang/crates.io-index"
checksum = "6ceab39d59e4c9499d4e5a8ee0e2735b891bb7308ac83dfb4e80cad195c9f6f3"

[[package]]
name = "unicode-xid"
version = "0.2.4"
source = "registry+https://github.com/rust-lang/crates.io-index"
checksum = "f962df74c8c05a667b5ee8bcf162993134c104e96440b663c8daa176dc772d8c"
